
Microsoft Visual Studio Solution File, Format Version 12.00
# Visual Studio 14
VisualStudioVersion = 14.0.25123.0
MinimumVisualStudioVersion = 10.0.40219.1
Project("{FAE04EC0-301F-11D3-BF4B-00C04F79EFBC}") = "WebServiceAdvanced", "WebServiceAdvanced\WebServiceAdvanced.csproj", "{69B4D57D-07EC-4770-94AE-5B962F01A616}"
EndProject
Project("{FAE04EC0-301F-11D3-BF4B-00C04F79EFBC}") = "AdvancedWSConsole", "AdvancedWSConsole\AdvancedWSConsole.csproj", "{B86CCD53-925F-4753-990F-75B9E55B39CE}"
EndProject
Global
	GlobalSection(SolutionConfigurationPlatforms) = preSolution
		Debug|Any CPU = Debug|Any CPU
		Release|Any CPU = Release|Any CPU
	EndGlobalSection
	GlobalSection(ProjectConfigurationPlatforms) = postSolution
		{69B4D57D-07EC-4770-94AE-5B962F01A616}.Debug|Any CPU.ActiveCfg = Debug|Any CPU
		{69B4D57D-07EC-4770-94AE-5B962F01A616}.Debug|Any CPU.Build.0 = Debug|Any CPU
		{69B4D57D-07EC-4770-94AE-5B962F01A616}.Release|Any CPU.ActiveCfg = Release|Any CPU
		{69B4D57D-07EC-4770-94AE-5B962F01A616}.Release|Any CPU.Build.0 = Release|Any CPU
		{B86CCD53-925F-4753-990F-75B9E55B39CE}.Debug|Any CPU.ActiveCfg = Debug|Any CPU
		{B86CCD53-925F-4753-990F-75B9E55B39CE}.Debug|Any CPU.Build.0 = Debug|Any CPU
		{B86CCD53-925F-4753-990F-75B9E55B39CE}.Release|Any CPU.ActiveCfg = Release|Any CPU
		{B86CCD53-925F-4753-990F-75B9E55B39CE}.Release|Any CPU.Build.0 = Release|Any CPU
	EndGlobalSection
	GlobalSection(SolutionProperties) = preSolution
		HideSolutionNode = FALSE
	EndGlobalSection
EndGlobal
